
Microsoft Visual Studio Solution File, Format Version 12.00
# Visual Studio Version 17
VisualStudioVersion = 17.5.002.0
MinimumVisualStudioVersion = 10.0.40219.1
Project("{9A19103F-16F7-4668-BE54-9A1E7A4F7556}") = "day1", "day1.csproj", "{F72BC8C6-53DF-447E-B979-CF5CF8A5C53F}"
EndProject
Global
	GlobalSection(SolutionConfigurationPlatforms) = preSolution
		Debug|Any CPU = Debug|Any CPU
		Release|Any CPU = Release|Any CPU
	EndGlobalSection
	GlobalSection(ProjectConfigurationPlatforms) = postSolution
		{F72BC8C6-53DF-447E-B979-CF5CF8A5C53F}.Debug|Any CPU.ActiveCfg = Debug|Any CPU
		{F72BC8C6-53DF-447E-B979-CF5CF8A5C53F}.Debug|Any CPU.Build.0 = Debug|Any CPU
		{F72BC8C6-53DF-447E-B979-CF5CF8A5C53F}.Release|Any CPU.ActiveCfg = Release|Any CPU
		{F72BC8C6-53DF-447E-B979-CF5CF8A5C53F}.Release|Any CPU.Build.0 = Release|Any CPU
	EndGlobalSection
	GlobalSection(SolutionProperties) = preSolution
		HideSolutionNode = FALSE
	EndGlobalSection
	GlobalSection(ExtensibilityGlobals) = postSolution
		SolutionGuid = {6E3CA606-730E-401C-8EAB-471246457DF8}
	EndGlobalSection
EndGlobal
