
Microsoft Visual Studio Solution File, Format Version 12.00
# Visual Studio Version 17
VisualStudioVersion = 17.5.002.0
MinimumVisualStudioVersion = 10.0.40219.1
Project("{9A19103F-16F7-4668-BE54-9A1E7A4F7556}") = "day2", "day2.csproj", "{496554AF-DCB2-4DA7-8A6A-327862D2643A}"
EndProject
Global
	GlobalSection(SolutionConfigurationPlatforms) = preSolution
		Debug|Any CPU = Debug|Any CPU
		Release|Any CPU = Release|Any CPU
	EndGlobalSection
	GlobalSection(ProjectConfigurationPlatforms) = postSolution
		{496554AF-DCB2-4DA7-8A6A-327862D2643A}.Debug|Any CPU.ActiveCfg = Debug|Any CPU
		{496554AF-DCB2-4DA7-8A6A-327862D2643A}.Debug|Any CPU.Build.0 = Debug|Any CPU
		{496554AF-DCB2-4DA7-8A6A-327862D2643A}.Release|Any CPU.ActiveCfg = Release|Any CPU
		{496554AF-DCB2-4DA7-8A6A-327862D2643A}.Release|Any CPU.Build.0 = Release|Any CPU
	EndGlobalSection
	GlobalSection(SolutionProperties) = preSolution
		HideSolutionNode = FALSE
	EndGlobalSection
	GlobalSection(ExtensibilityGlobals) = postSolution
		SolutionGuid = {805E4695-0EC8-4DEF-96AC-4967BD4B61C4}
	EndGlobalSection
EndGlobal
